<?xml version="1.0" encoding="utf-8"?>
<Project ToolsVersion="4.0" xmlns="http://schemas.microsoft.com/developer/msbuild/2003">
  <ItemGroup>
    <ClCompile Include="main.cpp" />
    <ClCompile Include="stdafx.cpp">
      <Filter>Source Files</Filter>
    </ClCompile>
    <ClCompile Include="deliveryrecord.cpp">
      <Filter>Source Files</Filter>
    </ClCompile>
    <ClCompile Include="IniFileTemplateHandler.cpp">
      <Filter>Source Files</Filter>
    </ClCompile>
    <ClCompile Include="configure.cpp">
      <Filter>Source Files</Filter>
    </ClCompile>
    <ClCompile Include="QTextEditDelegate.cpp">
      <Filter>Source Files</Filter>
    </ClCompile>
    <ClCompile Include="XmlReader.cpp">
      <Filter>Source Files</Filter>
    </ClCompile>
    <ClCompile Include="XmlWirter.cpp">
      <Filter>Source Files</Filter>
    </ClCompile>
    <ClCompile Include="processrunwiththread.cpp">
      <Filter>Source Files</Filter>
    </ClCompile>
  </ItemGroup>
  <ItemGroup>
    <Filter Include="Resource Files">
      <UniqueIdentifier>{D9D6E242-F8AF-46E4-B9FD-80ECBC20BA3E}</UniqueIdentifier>
      <Extensions>qrc;*</Extensions>
      <ParseFiles>false</ParseFiles>
    </Filter>
    <Filter Include="Source Files">
      <UniqueIdentifier>{4FC737F1-C7A5-4376-A066-2A32D752A2FF}</UniqueIdentifier>
      <Extensions>cpp;c;cc;cxx;def;odl;idl;hpj;bat;asm;asmx</Extensions>
      <ParseFiles>true</ParseFiles>
    </Filter>
    <Filter Include="Header Files">
      <UniqueIdentifier>{93995380-89BD-4b04-88EB-625FBE52EBFB}</UniqueIdentifier>
      <Extensions>h;hh;hpp;hxx;hm;inl;inc;xsd</Extensions>
      <ParseFiles>true</ParseFiles>
    </Filter>
    <Filter Include="Form Files">
      <UniqueIdentifier>{99349809-55BA-4b9d-BF79-8FDBB0286EB3}</UniqueIdentifier>
      <Extensions>ui</Extensions>
      <ParseFiles>true</ParseFiles>
    </Filter>
  </ItemGroup>
  <ItemGroup>
    <ClInclude Include="stdafx.h">
      <Filter>Header Files</Filter>
    </ClInclude>
  </ItemGroup>
  <ItemGroup>
    <QtMoc Include="deliveryrecord.h">
      <Filter>Header Files</Filter>
    </QtMoc>
    <QtMoc Include="IniFileTemplateHandler.h">
      <Filter>Header Files</Filter>
    </QtMoc>
    <QtMoc Include="configure.h">
      <Filter>Header Files</Filter>
    </QtMoc>
    <QtMoc Include="QTextEditDelegate.h">
      <Filter>Header Files</Filter>
    </QtMoc>
    <QtMoc Include="XmlReader.h">
      <Filter>Header Files</Filter>
    </QtMoc>
    <QtMoc Include="XmlWirter.h">
      <Filter>Header Files</Filter>
    </QtMoc>
    <QtMoc Include="processrunwiththread.h">
      <Filter>Header Files</Filter>
    </QtMoc>
  </ItemGroup>
  <ItemGroup>
    <QtUic Include="deliveryrecord.ui">
      <Filter>Form Files</Filter>
    </QtUic>
    <QtUic Include="configure.ui">
      <Filter>Form Files</Filter>
    </QtUic>
  </ItemGroup>
  <ItemGroup>
    <QtRcc Include="deliveryrecord.qrc">
      <Filter>Resource Files</Filter>
    </QtRcc>
    <QtRcc Include="style.qrc">
      <Filter>Resource Files</Filter>
    </QtRcc>
  </ItemGroup>
  <ItemGroup>
    <ResourceCompile Include="Delivery Record.rc" />
  </ItemGroup>
  <ItemGroup>
    <None Include="packages.config" />
    <None Include="style.qss">
      <Filter>Resource Files</Filter>
    </None>
  </ItemGroup>
  <ItemGroup>
    <Image Include="Resources\release-notes.ico" />
    <Image Include="rc\Hmovetoolbar.png">
      <Filter>Resource Files</Filter>
    </Image>
    <Image Include="rc\Hsepartoolbar.png">
      <Filter>Resource Files</Filter>
    </Image>
    <Image Include="rc\Vmovetoolbar.png">
      <Filter>Resource Files</Filter>
    </Image>
    <Image Include="rc\Vsepartoolbar.png">
      <Filter>Resource Files</Filter>
    </Image>
    <Image Include="rc\branch_closed-on.png">
      <Filter>Resource Files</Filter>
    </Image>
    <Image Include="rc\branch_closed.png">
      <Filter>Resource Files</Filter>
    </Image>
    <Image Include="rc\branch_open-on.png">
      <Filter>Resource Files</Filter>
    </Image>
    <Image Include="rc\branch_open.png">
      <Filter>Resource Files</Filter>
    </Image>
    <Image Include="rc\checkbox_checked.png">
      <Filter>Resource Files</Filter>
    </Image>
    <Image Include="rc\checkbox_checked%402x.png">
      <Filter>Resource Files</Filter>
    </Image>
    <Image Include="rc\checkbox_checked_disabled.png">
      <Filter>Resource Files</Filter>
    </Image>
    <Image Include="rc\checkbox_checked_disabled%402x.png">
      <Filter>Resource Files</Filter>
    </Image>
    <Image Include="rc\checkbox_checked_focus.png">
      <Filter>Resource Files</Filter>
    </Image>
    <Image Include="rc\checkbox_checked_focus%402x.png">
      <Filter>Resource Files</Filter>
    </Image>
    <Image Include="rc\checkbox_indeterminate.png">
      <Filter>Resource Files</Filter>
    </Image>
    <Image Include="rc\checkbox_indeterminate%402x.png">
      <Filter>Resource Files</Filter>
    </Image>
    <Image Include="rc\checkbox_indeterminate_disabled.png">
      <Filter>Resource Files</Filter>
    </Image>
    <Image Include="rc\checkbox_indeterminate_disabled%402x.png">
      <Filter>Resource Files</Filter>
    </Image>
    <Image Include="rc\checkbox_indeterminate_focus.png">
      <Filter>Resource Files</Filter>
    </Image>
    <Image Include="rc\checkbox_indeterminate_focus%402x.png">
      <Filter>Resource Files</Filter>
    </Image>
    <Image Include="rc\checkbox_unchecked.png">
      <Filter>Resource Files</Filter>
    </Image>
    <Image Include="rc\checkbox_unchecked%402x.png">
      <Filter>Resource Files</Filter>
    </Image>
    <Image Include="rc\checkbox_unchecked_disabled.png">
      <Filter>Resource Files</Filter>
    </Image>
    <Image Include="rc\checkbox_unchecked_disabled%402x.png">
      <Filter>Resource Files</Filter>
    </Image>
    <Image Include="rc\checkbox_unchecked_focus.png">
      <Filter>Resource Files</Filter>
    </Image>
    <Image Include="rc\checkbox_unchecked_focus%402x.png">
      <Filter>Resource Files</Filter>
    </Image>
    <Image Include="rc\close-hover.png">
      <Filter>Resource Files</Filter>
    </Image>
    <Image Include="rc\close-pressed.png">
      <Filter>Resource Files</Filter>
    </Image>
    <Image Include="rc\close.png">
      <Filter>Resource Files</Filter>
    </Image>
    <Image Include="rc\down_arrow.png">
      <Filter>Resource Files</Filter>
    </Image>
    <Image Include="rc\down_arrow_disabled.png">
      <Filter>Resource Files</Filter>
    </Image>
    <Image Include="rc\left_arrow.png">
      <Filter>Resource Files</Filter>
    </Image>
    <Image Include="rc\left_arrow_disabled.png">
      <Filter>Resource Files</Filter>
    </Image>
    <Image Include="rc\radio_checked.png">
      <Filter>Resource Files</Filter>
    </Image>
    <Image Include="rc\radio_checked%402x.png">
      <Filter>Resource Files</Filter>
    </Image>
    <Image Include="rc\radio_checked_disabled.png">
      <Filter>Resource Files</Filter>
    </Image>
    <Image Include="rc\radio_checked_disabled%402x.png">
      <Filter>Resource Files</Filter>
    </Image>
    <Image Include="rc\radio_checked_focus.png">
      <Filter>Resource Files</Filter>
    </Image>
    <Image Include="rc\radio_checked_focus%402x.png">
      <Filter>Resource Files</Filter>
    </Image>
    <Image Include="rc\radio_unchecked.png">
      <Filter>Resource Files</Filter>
    </Image>
    <Image Include="rc\radio_unchecked%402x.png">
      <Filter>Resource Files</Filter>
    </Image>
    <Image Include="rc\radio_unchecked_disabled.png">
      <Filter>Resource Files</Filter>
    </Image>
    <Image Include="rc\radio_unchecked_disabled%402x.png">
      <Filter>Resource Files</Filter>
    </Image>
    <Image Include="rc\radio_unchecked_focus.png">
      <Filter>Resource Files</Filter>
    </Image>
    <Image Include="rc\radio_unchecked_focus%402x.png">
      <Filter>Resource Files</Filter>
    </Image>
    <Image Include="rc\right_arrow.png">
      <Filter>Resource Files</Filter>
    </Image>
    <Image Include="rc\right_arrow_disabled.png">
      <Filter>Resource Files</Filter>
    </Image>
    <Image Include="rc\sizegrip.png">
      <Filter>Resource Files</Filter>
    </Image>
    <Image Include="rc\stylesheet-branch-end.png">
      <Filter>Resource Files</Filter>
    </Image>
    <Image Include="rc\stylesheet-branch-more.png">
      <Filter>Resource Files</Filter>
    </Image>
    <Image Include="rc\stylesheet-vline.png">
      <Filter>Resource Files</Filter>
    </Image>
    <Image Include="rc\transparent.png">
      <Filter>Resource Files</Filter>
    </Image>
    <Image Include="rc\undock.png">
      <Filter>Resource Files</Filter>
    </Image>
    <Image Include="rc\up_arrow.png">
      <Filter>Resource Files</Filter>
    </Image>
    <Image Include="rc\up_arrow_disabled.png">
      <Filter>Resource Files</Filter>
    </Image>
  </ItemGroup>
</Project>